{
  "requires": true,
  "lockfileVersion": 1,
  "dependencies": {
    "@angular/animations": {
      "version": "6.0.6",
      "resolved": "https://registry.npmjs.org/@angular/animations/-/animations-6.0.6.tgz",
      "integrity": "sha512-mJvWn0GuYARJfV9/KNUn5qUc5iNJKMSSNm//pRtUB8n829KnJHLnGpNsr95dzARH5wI3Om/t6hG3M0XCLbIfNQ==",
      "requires": {
        "tslib": "1.9.3"
      }
    },
    "@angular/cdk": {
      "version": "6.3.0",
      "resolved": "https://registry.npmjs.org/@angular/cdk/-/cdk-6.3.0.tgz",
      "integrity": "sha512-L1NM2hU8xvb35mDKIw+SR9UZGZtbSQl6fmd9X/tedaNYjIvyQ7SIX7iDJ+LqD0xUQopB+SeuhDL7D6IwGMV2bQ==",
      "requires": {
        "tslib": "1.9.3"
      }
    },
    "@angular/material": {
      "version": "6.3.0",
      "resolved": "https://registry.npmjs.org/@angular/material/-/material-6.3.0.tgz",
      "integrity": "sha512-asSzdfLkDDbQEyM/GKUxrlvuj8OvO5DqrNJ3e3uvi0OmZDpaO50yubQvrJ26nbqgwgRo+qwiGNN6XcFwYTRVPQ==",
      "requires": {
        "tslib": "1.9.3"
      }
    },
    "tslib": {
      "version": "1.9.3",
      "resolved": "https://registry.npmjs.org/tslib/-/tslib-1.9.3.tgz",
      "integrity": "sha512-4krF8scpejhaOgqzBEcGM7yDIEfi0/8+8zDRZhNZZ2kjmHJ4hv3zCbQWxoJGz1iw5U0Jl0nma13xzHXcncMavQ=="
    }
  }
}
